
Microsoft Visual Studio Solution File, Format Version 12.00
# Visual Studio 14
VisualStudioVersion = 14.0.23107.0
MinimumVisualStudioVersion = 10.0.40219.1
Project("{FAE04EC0-301F-11D3-BF4B-00C04F79EFBC}") = "ExpenseReport", "ExpenseReport\ExpenseReport.csproj", "{A1CADCE5-57AF-4E8F-AB80-BEB0E662AFDD}"
EndProject
Project("{FAE04EC0-301F-11D3-BF4B-00C04F79EFBC}") = "ExpenseReportWeb", "ExpenseReportWeb\ExpenseReportWeb.csproj", "{89DBE6AC-8E07-4A32-9F96-4793269CED58}"
EndProject
Global
	GlobalSection(SolutionConfigurationPlatforms) = preSolution
		Debug|Any CPU = Debug|Any CPU
		Release|Any CPU = Release|Any CPU
	EndGlobalSection
	GlobalSection(ProjectConfigurationPlatforms) = postSolution
		{A1CADCE5-57AF-4E8F-AB80-BEB0E662AFDD}.Debug|Any CPU.ActiveCfg = Debug|Any CPU
		{A1CADCE5-57AF-4E8F-AB80-BEB0E662AFDD}.Debug|Any CPU.Build.0 = Debug|Any CPU
		{A1CADCE5-57AF-4E8F-AB80-BEB0E662AFDD}.Debug|Any CPU.Deploy.0 = Debug|Any CPU
		{A1CADCE5-57AF-4E8F-AB80-BEB0E662AFDD}.Release|Any CPU.ActiveCfg = Release|Any CPU
		{A1CADCE5-57AF-4E8F-AB80-BEB0E662AFDD}.Release|Any CPU.Build.0 = Release|Any CPU
		{A1CADCE5-57AF-4E8F-AB80-BEB0E662AFDD}.Release|Any CPU.Deploy.0 = Release|Any CPU
		{89DBE6AC-8E07-4A32-9F96-4793269CED58}.Debug|Any CPU.ActiveCfg = Debug|Any CPU
		{89DBE6AC-8E07-4A32-9F96-4793269CED58}.Debug|Any CPU.Build.0 = Debug|Any CPU
		{89DBE6AC-8E07-4A32-9F96-4793269CED58}.Release|Any CPU.ActiveCfg = Release|Any CPU
		{89DBE6AC-8E07-4A32-9F96-4793269CED58}.Release|Any CPU.Build.0 = Release|Any CPU
	EndGlobalSection
	GlobalSection(SolutionProperties) = preSolution
		HideSolutionNode = FALSE
	EndGlobalSection
EndGlobal
